
Microsoft Visual Studio Solution File, Format Version 12.00
# Visual Studio Version 17
VisualStudioVersion = 17.9.34723.18
MinimumVisualStudioVersion = 10.0.40219.1
Project("{8BC9CEB8-8B4A-11D0-8D11-00A0C91BC942}") = "05122024classExercise", "05122024classExercise.vcxproj", "{69B8740A-6AB7-4A02-A942-1B8CFBA154F9}"
EndProject
Global
	GlobalSection(SolutionConfigurationPlatforms) = preSolution
		Debug|x64 = Debug|x64
		Debug|x86 = Debug|x86
		Release|x64 = Release|x64
		Release|x86 = Release|x86
	EndGlobalSection
	GlobalSection(ProjectConfigurationPlatforms) = postSolution
		{69B8740A-6AB7-4A02-A942-1B8CFBA154F9}.Debug|x64.ActiveCfg = Debug|x64
		{69B8740A-6AB7-4A02-A942-1B8CFBA154F9}.Debug|x64.Build.0 = Debug|x64
		{69B8740A-6AB7-4A02-A942-1B8CFBA154F9}.Debug|x86.ActiveCfg = Debug|Win32
		{69B8740A-6AB7-4A02-A942-1B8CFBA154F9}.Debug|x86.Build.0 = Debug|Win32
		{69B8740A-6AB7-4A02-A942-1B8CFBA154F9}.Release|x64.ActiveCfg = Release|x64
		{69B8740A-6AB7-4A02-A942-1B8CFBA154F9}.Release|x64.Build.0 = Release|x64
		{69B8740A-6AB7-4A02-A942-1B8CFBA154F9}.Release|x86.ActiveCfg = Release|Win32
		{69B8740A-6AB7-4A02-A942-1B8CFBA154F9}.Release|x86.Build.0 = Release|Win32
	EndGlobalSection
	GlobalSection(SolutionProperties) = preSolution
		HideSolutionNode = FALSE
	EndGlobalSection
	GlobalSection(ExtensibilityGlobals) = postSolution
		SolutionGuid = {EE2B221B-125C-4961-AE37-0F52F3B266D3}
	EndGlobalSection
EndGlobal
