
Microsoft Visual Studio Solution File, Format Version 12.00
# Visual Studio Version 17
VisualStudioVersion = 17.9.34723.18
MinimumVisualStudioVersion = 10.0.40219.1
Project("{8BC9CEB8-8B4A-11D0-8D11-00A0C91BC942}") = "stringFunction-cin-get", "stringFunction-cin-get.vcxproj", "{C42CFFD0-A94C-485C-8C10-EC6E48061AFA}"
EndProject
Global
	GlobalSection(SolutionConfigurationPlatforms) = preSolution
		Debug|x64 = Debug|x64
		Debug|x86 = Debug|x86
		Release|x64 = Release|x64
		Release|x86 = Release|x86
	EndGlobalSection
	GlobalSection(ProjectConfigurationPlatforms) = postSolution
		{C42CFFD0-A94C-485C-8C10-EC6E48061AFA}.Debug|x64.ActiveCfg = Debug|x64
		{C42CFFD0-A94C-485C-8C10-EC6E48061AFA}.Debug|x64.Build.0 = Debug|x64
		{C42CFFD0-A94C-485C-8C10-EC6E48061AFA}.Debug|x86.ActiveCfg = Debug|Win32
		{C42CFFD0-A94C-485C-8C10-EC6E48061AFA}.Debug|x86.Build.0 = Debug|Win32
		{C42CFFD0-A94C-485C-8C10-EC6E48061AFA}.Release|x64.ActiveCfg = Release|x64
		{C42CFFD0-A94C-485C-8C10-EC6E48061AFA}.Release|x64.Build.0 = Release|x64
		{C42CFFD0-A94C-485C-8C10-EC6E48061AFA}.Release|x86.ActiveCfg = Release|Win32
		{C42CFFD0-A94C-485C-8C10-EC6E48061AFA}.Release|x86.Build.0 = Release|Win32
	EndGlobalSection
	GlobalSection(SolutionProperties) = preSolution
		HideSolutionNode = FALSE
	EndGlobalSection
	GlobalSection(ExtensibilityGlobals) = postSolution
		SolutionGuid = {4FF8CAD4-41E8-4E33-9E9F-F8AFDDC8EAA8}
	EndGlobalSection
EndGlobal
