
Microsoft Visual Studio Solution File, Format Version 12.00
# Visual Studio Version 17
VisualStudioVersion = 17.9.34723.18
MinimumVisualStudioVersion = 10.0.40219.1
Project("{8BC9CEB8-8B4A-11D0-8D11-00A0C91BC942}") = "0421textbookPraject", "0421textbookPraject.vcxproj", "{3F051D6F-228E-4588-8284-8923D2D6E649}"
EndProject
Global
	GlobalSection(SolutionConfigurationPlatforms) = preSolution
		Debug|x64 = Debug|x64
		Debug|x86 = Debug|x86
		Release|x64 = Release|x64
		Release|x86 = Release|x86
	EndGlobalSection
	GlobalSection(ProjectConfigurationPlatforms) = postSolution
		{3F051D6F-228E-4588-8284-8923D2D6E649}.Debug|x64.ActiveCfg = Debug|x64
		{3F051D6F-228E-4588-8284-8923D2D6E649}.Debug|x64.Build.0 = Debug|x64
		{3F051D6F-228E-4588-8284-8923D2D6E649}.Debug|x86.ActiveCfg = Debug|Win32
		{3F051D6F-228E-4588-8284-8923D2D6E649}.Debug|x86.Build.0 = Debug|Win32
		{3F051D6F-228E-4588-8284-8923D2D6E649}.Release|x64.ActiveCfg = Release|x64
		{3F051D6F-228E-4588-8284-8923D2D6E649}.Release|x64.Build.0 = Release|x64
		{3F051D6F-228E-4588-8284-8923D2D6E649}.Release|x86.ActiveCfg = Release|Win32
		{3F051D6F-228E-4588-8284-8923D2D6E649}.Release|x86.Build.0 = Release|Win32
	EndGlobalSection
	GlobalSection(SolutionProperties) = preSolution
		HideSolutionNode = FALSE
	EndGlobalSection
	GlobalSection(ExtensibilityGlobals) = postSolution
		SolutionGuid = {6C8A6735-F17F-4A70-909C-ED5B3854A21B}
	EndGlobalSection
EndGlobal
