
Microsoft Visual Studio Solution File, Format Version 12.00
# Visual Studio Version 17
VisualStudioVersion = 17.9.34723.18
MinimumVisualStudioVersion = 10.0.40219.1
Project("{8BC9CEB8-8B4A-11D0-8D11-00A0C91BC942}") = "Array-practice", "Array-practice.vcxproj", "{942FBEB0-1A08-4C74-9F9A-98682475EA53}"
EndProject
Global
	GlobalSection(SolutionConfigurationPlatforms) = preSolution
		Debug|x64 = Debug|x64
		Debug|x86 = Debug|x86
		Release|x64 = Release|x64
		Release|x86 = Release|x86
	EndGlobalSection
	GlobalSection(ProjectConfigurationPlatforms) = postSolution
		{942FBEB0-1A08-4C74-9F9A-98682475EA53}.Debug|x64.ActiveCfg = Debug|x64
		{942FBEB0-1A08-4C74-9F9A-98682475EA53}.Debug|x64.Build.0 = Debug|x64
		{942FBEB0-1A08-4C74-9F9A-98682475EA53}.Debug|x86.ActiveCfg = Debug|Win32
		{942FBEB0-1A08-4C74-9F9A-98682475EA53}.Debug|x86.Build.0 = Debug|Win32
		{942FBEB0-1A08-4C74-9F9A-98682475EA53}.Release|x64.ActiveCfg = Release|x64
		{942FBEB0-1A08-4C74-9F9A-98682475EA53}.Release|x64.Build.0 = Release|x64
		{942FBEB0-1A08-4C74-9F9A-98682475EA53}.Release|x86.ActiveCfg = Release|Win32
		{942FBEB0-1A08-4C74-9F9A-98682475EA53}.Release|x86.Build.0 = Release|Win32
	EndGlobalSection
	GlobalSection(SolutionProperties) = preSolution
		HideSolutionNode = FALSE
	EndGlobalSection
	GlobalSection(ExtensibilityGlobals) = postSolution
		SolutionGuid = {A09A87F1-A720-4DE0-A1F0-58646D85F13A}
	EndGlobalSection
EndGlobal
